PODS:
  - AFNetworking (4.0.1):
    - AFNetworking/NSURLSession (= 4.0.1)
    - AFNetworking/Reachability (= 4.0.1)
    - AFNetworking/Security (= 4.0.1)
    - AFNetworking/Serialization (= 4.0.1)
    - AFNetworking/UIKit (= 4.0.1)
  - AFNetworking/NSURLSession (4.0.1):
    - AFNetworking/Reachability
    - AFNetworking/Security
    - AFNetworking/Serialization
  - AFNetworking/Reachability (4.0.1)
  - AFNetworking/Security (4.0.1)
  - AFNetworking/Serialization (4.0.1)
  - AFNetworking/UIKit (4.0.1):
    - AFNetworking/NSURLSession
  - YGNetworking (4.0.1):
    - AFNetworking (~> 4.0)

DEPENDENCIES:
  - YGNetworking (from `../`)

SPEC REPOS:
  trunk:
    - AFNetworking

EXTERNAL SOURCES:
  YGNetworking:
    :path: "../"

SPEC CHECKSUMS:
  AFNetworking: 7864c38297c79aaca1500c33288e429c3451fdce
  YGNetworking: c3523f7fc6123612c6a1d4815dab5a45630f0817

PODFILE CHECKSUM: 4f688252b86bc24b88744c05e7a6b96e507a7e4a

COCOAPODS: 1.9.1
